// !$*UTF8*$!
{
	archiveVersion = 1;
	classes = {
	};
	objectVersion = 56;
	objects = {

/* Begin PBXBuildFile section */
		CB4F440B2A154C100016E74E /* CachedImageView.swift in Sources */ = {isa = PBXBuildFile; fileRef = CB4F440A2A154C100016E74E /* CachedImageView.swift */; };
		CB4F440D2A154C330016E74E /* CacheAsyncImageManager.swift in Sources */ = {isa = PBXBuildFile; fileRef = CB4F440C2A154C330016E74E /* CacheAsyncImageManager.swift */; };
		CB4F440F2A154C740016E74E /* ImageCache.swift in Sources */ = {isa = PBXBuildFile; fileRef = CB4F440E2A154C740016E74E /* ImageCache.swift */; };
		CB4F44122A15BAFB0016E74E /* WeatherViewModel.swift in Sources */ = {isa = PBXBuildFile; fileRef = CB4F44112A15BAFB0016E74E /* WeatherViewModel.swift */; };
		CB4F44142A15BFA00016E74E /* NoResultCell.swift in Sources */ = {isa = PBXBuildFile; fileRef = CB4F44132A15BFA00016E74E /* NoResultCell.swift */; };
		CB4F44172A16158C0016E74E /* LocationManager.swift in Sources */ = {isa = PBXBuildFile; fileRef = CB4F44162A16158C0016E74E /* LocationManager.swift */; };
		CB4F44192A16B4D50016E74E /* APIKeys.swift in Sources */ = {isa = PBXBuildFile; fileRef = CB4F44182A16B4D50016E74E /* APIKeys.swift */; };
		CB4F441B2A16B8C30016E74E /* UserDefaults+LocationCache.swift in Sources */ = {isa = PBXBuildFile; fileRef = CB4F441A2A16B8C30016E74E /* UserDefaults+LocationCache.swift */; };
		CB4F441D2A16B9B50016E74E /* MockHttpClient.swift in Sources */ = {isa = PBXBuildFile; fileRef = CB4F441C2A16B9B50016E74E /* MockHttpClient.swift */; };
		CB4F441F2A16BE5F0016E74E /* WeatherServicesTests.swift in Sources */ = {isa = PBXBuildFile; fileRef = CB4F441E2A16BE5F0016E74E /* WeatherServicesTests.swift */; };
		CB4F44212A16C3A10016E74E /* WeatherSearchCoordinatorTests.swift in Sources */ = {isa = PBXBuildFile; fileRef = CB4F44202A16C3A10016E74E /* WeatherSearchCoordinatorTests.swift */; };
		CB4F44232A16F1500016E74E /* LocationButtonView.swift in Sources */ = {isa = PBXBuildFile; fileRef = CB4F44222A16F1500016E74E /* LocationButtonView.swift */; };
		CB4F44252A1746AD0016E74E /* ErrorView.swift in Sources */ = {isa = PBXBuildFile; fileRef = CB4F44242A1746AD0016E74E /* ErrorView.swift */; };
		CB4F44272A17513F0016E74E /* LoadingView.swift in Sources */ = {isa = PBXBuildFile; fileRef = CB4F44262A17513F0016E74E /* LoadingView.swift */; };
		CB4F44292A1753CE0016E74E /* WeatherHeaderView.swift in Sources */ = {isa = PBXBuildFile; fileRef = CB4F44282A1753CE0016E74E /* WeatherHeaderView.swift */; };
		CB4F442B2A1758180016E74E /* WeatherStatsDetailCell.swift in Sources */ = {isa = PBXBuildFile; fileRef = CB4F442A2A1758180016E74E /* WeatherStatsDetailCell.swift */; };
		CB4F442D2A1758FE0016E74E /* WeatherStatsScrollView.swift in Sources */ = {isa = PBXBuildFile; fileRef = CB4F442C2A1758FE0016E74E /* WeatherStatsScrollView.swift */; };
		CB4F442F2A1759D80016E74E /* HourlyForecastCell.swift in Sources */ = {isa = PBXBuildFile; fileRef = CB4F442E2A1759D80016E74E /* HourlyForecastCell.swift */; };
		CB4F44312A175AAD0016E74E /* HourlyForecastScrollView.swift in Sources */ = {isa = PBXBuildFile; fileRef = CB4F44302A175AAD0016E74E /* HourlyForecastScrollView.swift */; };
		CB4F44332A17644F0016E74E /* AnimatedBackgroundView.swift in Sources */ = {isa = PBXBuildFile; fileRef = CB4F44322A17644F0016E74E /* AnimatedBackgroundView.swift */; };
		CB4F44362A17FD5F0016E74E /* LocationCellViewModel.swift in Sources */ = {isa = PBXBuildFile; fileRef = CB4F44352A17FD5F0016E74E /* LocationCellViewModel.swift */; };
		CB4F44372A181FA70016E74E /* SearchBarView.swift in Sources */ = {isa = PBXBuildFile; fileRef = CBABA1052A12DF3E0004D426 /* SearchBarView.swift */; };
		CBABA0BF2A12C3680004D426 /* AppDelegate.swift in Sources */ = {isa = PBXBuildFile; fileRef = CBABA0BE2A12C3680004D426 /* AppDelegate.swift */; };
		CBABA0C12A12C3680004D426 /* SceneDelegate.swift in Sources */ = {isa = PBXBuildFile; fileRef = CBABA0C02A12C3680004D426 /* SceneDelegate.swift */; };
		CBABA0C62A12C3680004D426 /* Main.storyboard in Resources */ = {isa = PBXBuildFile; fileRef = CBABA0C42A12C3680004D426 /* Main.storyboard */; };
		CBABA0C82A12C3690004D426 /* Assets.xcassets in Resources */ = {isa = PBXBuildFile; fileRef = CBABA0C72A12C3690004D426 /* Assets.xcassets */; };
		CBABA0CB2A12C3690004D426 /* LaunchScreen.storyboard in Resources */ = {isa = PBXBuildFile; fileRef = CBABA0C92A12C3690004D426 /* LaunchScreen.storyboard */; };
		CBABA0F12A12C43B0004D426 /* Coordinator.swift in Sources */ = {isa = PBXBuildFile; fileRef = CBABA0F02A12C43B0004D426 /* Coordinator.swift */; };
		CBABA0F32A12C5560004D426 /* AppCoordinator.swift in Sources */ = {isa = PBXBuildFile; fileRef = CBABA0F22A12C5560004D426 /* AppCoordinator.swift */; };
		CBABA0F52A12C7620004D426 /* WeatherSearchCoordinator.swift in Sources */ = {isa = PBXBuildFile; fileRef = CBABA0F42A12C7620004D426 /* WeatherSearchCoordinator.swift */; };
		CBABA0FA2A12C9200004D426 /* WeatherSearchView.swift in Sources */ = {isa = PBXBuildFile; fileRef = CBABA0F92A12C9200004D426 /* WeatherSearchView.swift */; };
		CBABA0FD2A12CAB60004D426 /* Constants.swift in Sources */ = {isa = PBXBuildFile; fileRef = CBABA0FC2A12CAB60004D426 /* Constants.swift */; };
		CBABA1002A12CC980004D426 /* HTTPClient.swift in Sources */ = {isa = PBXBuildFile; fileRef = CBABA0FF2A12CC980004D426 /* HTTPClient.swift */; };
		CBABA1022A12D08F0004D426 /* WeatherServices.swift in Sources */ = {isa = PBXBuildFile; fileRef = CBABA1012A12D08F0004D426 /* WeatherServices.swift */; };
		CBABA1042A12D9F50004D426 /* WeatherSearchViewModel.swift in Sources */ = {isa = PBXBuildFile; fileRef = CBABA1032A12D9F50004D426 /* WeatherSearchViewModel.swift */; };
		CBABA1082A12E0390004D426 /* UIColorExt.swift in Sources */ = {isa = PBXBuildFile; fileRef = CBABA1072A12E0390004D426 /* UIColorExt.swift */; };
		CBABA10A2A12F3740004D426 /* Location.swift in Sources */ = {isa = PBXBuildFile; fileRef = CBABA1092A12F3740004D426 /* Location.swift */; };
		CBABA10C2A130C0F0004D426 /* Weather.swift in Sources */ = {isa = PBXBuildFile; fileRef = CBABA10B2A130C0F0004D426 /* Weather.swift */; };
		CBABA10E2A13F91B0004D426 /* LocationCell.swift in Sources */ = {isa = PBXBuildFile; fileRef = CBABA10D2A13F91B0004D426 /* LocationCell.swift */; };
		CBABA1102A143F6F0004D426 /* WeatherView.swift in Sources */ = {isa = PBXBuildFile; fileRef = CBABA10F2A143F6F0004D426 /* WeatherView.swift */; };
		CBABA1122A14602D0004D426 /* WeatherCoordinator.swift in Sources */ = {isa = PBXBuildFile; fileRef = CBABA1112A14602D0004D426 /* WeatherCoordinator.swift */; };
/* End PBXBuildFile section */

/* Begin PBXContainerItemProxy section */
		CBABA0D22A12C3690004D426 /* PBXContainerItemProxy */ = {
			isa = PBXContainerItemProxy;
			containerPortal = CBABA0B32A12C3680004D426 /* Project object */;
			proxyType = 1;
			remoteGlobalIDString = CBABA0BA2A12C3680004D426;
			remoteInfo = WeatherApp;
		};
/* End PBXContainerItemProxy section */

/* Begin PBXFileReference section */
		CB4F440A2A154C100016E74E /* CachedImageView.swift */ = {isa = PBXFileReference; lastKnownFileType = sourcecode.swift; path = CachedImageView.swift; sourceTree = "<group>"; };
		CB4F440C2A154C330016E74E /* CacheAsyncImageManager.swift */ = {isa = PBXFileReference; lastKnownFileType = sourcecode.swift; path = CacheAsyncImageManager.swift; sourceTree = "<group>"; };
		CB4F440E2A154C740016E74E /* ImageCache.swift */ = {isa = PBXFileReference; lastKnownFileType = sourcecode.swift; path = ImageCache.swift; sourceTree = "<group>"; };
		CB4F44112A15BAFB0016E74E /* WeatherViewModel.swift */ = {isa = PBXFileReference; lastKnownFileType = sourcecode.swift; path = WeatherViewModel.swift; sourceTree = "<group>"; };
		CB4F44132A15BFA00016E74E /* NoResultCell.swift */ = {isa = PBXFileReference; lastKnownFileType = sourcecode.swift; path = NoResultCell.swift; sourceTree = "<group>"; };
		CB4F44162A16158C0016E74E /* LocationManager.swift */ = {isa = PBXFileReference; lastKnownFileType = sourcecode.swift; path = LocationManager.swift; sourceTree = "<group>"; };
		CB4F44182A16B4D50016E74E /* APIKeys.swift */ = {isa = PBXFileReference; lastKnownFileType = sourcecode.swift; path = APIKeys.swift; sourceTree = "<group>"; };
		CB4F441A2A16B8C30016E74E /* UserDefaults+LocationCache.swift */ = {isa = PBXFileReference; lastKnownFileType = sourcecode.swift; path = "UserDefaults+LocationCache.swift"; sourceTree = "<group>"; };
		CB4F441C2A16B9B50016E74E /* MockHttpClient.swift */ = {isa = PBXFileReference; lastKnownFileType = sourcecode.swift; path = MockHttpClient.swift; sourceTree = "<group>"; };
		CB4F441E2A16BE5F0016E74E /* WeatherServicesTests.swift */ = {isa = PBXFileReference; lastKnownFileType = sourcecode.swift; path = WeatherServicesTests.swift; sourceTree = "<group>"; };
		CB4F44202A16C3A10016E74E /* WeatherSearchCoordinatorTests.swift */ = {isa = PBXFileReference; lastKnownFileType = sourcecode.swift; path = WeatherSearchCoordinatorTests.swift; sourceTree = "<group>"; };
		CB4F44222A16F1500016E74E /* LocationButtonView.swift */ = {isa = PBXFileReference; lastKnownFileType = sourcecode.swift; path = LocationButtonView.swift; sourceTree = "<group>"; };
		CB4F44242A1746AD0016E74E /* ErrorView.swift */ = {isa = PBXFileReference; lastKnownFileType = sourcecode.swift; path = ErrorView.swift; sourceTree = "<group>"; };
		CB4F44262A17513F0016E74E /* LoadingView.swift */ = {isa = PBXFileReference; lastKnownFileType = sourcecode.swift; path = LoadingView.swift; sourceTree = "<group>"; };
		CB4F44282A1753CE0016E74E /* WeatherHeaderView.swift */ = {isa = PBXFileReference; lastKnownFileType = sourcecode.swift; path = WeatherHeaderView.swift; sourceTree = "<group>"; };
		CB4F442A2A1758180016E74E /* WeatherStatsDetailCell.swift */ = {isa = PBXFileReference; lastKnownFileType = sourcecode.swift; path = WeatherStatsDetailCell.swift; sourceTree = "<group>"; };
		CB4F442C2A1758FE0016E74E /* WeatherStatsScrollView.swift */ = {isa = PBXFileReference; lastKnownFileType = sourcecode.swift; path = WeatherStatsScrollView.swift; sourceTree = "<group>"; };
		CB4F442E2A1759D80016E74E /* HourlyForecastCell.swift */ = {isa = PBXFileReference; lastKnownFileType = sourcecode.swift; path = HourlyForecastCell.swift; sourceTree = "<group>"; };
		CB4F44302A175AAD0016E74E /* HourlyForecastScrollView.swift */ = {isa = PBXFileReference; lastKnownFileType = sourcecode.swift; path = HourlyForecastScrollView.swift; sourceTree = "<group>"; };
		CB4F44322A17644F0016E74E /* AnimatedBackgroundView.swift */ = {isa = PBXFileReference; lastKnownFileType = sourcecode.swift; path = AnimatedBackgroundView.swift; sourceTree = "<group>"; };
		CB4F44352A17FD5F0016E74E /* LocationCellViewModel.swift */ = {isa = PBXFileReference; lastKnownFileType = sourcecode.swift; path = LocationCellViewModel.swift; sourceTree = "<group>"; };
		CBABA0BB2A12C3680004D426 /* WeatherApp.app */ = {isa = PBXFileReference; explicitFileType = wrapper.application; includeInIndex = 0; path = WeatherApp.app; sourceTree = BUILT_PRODUCTS_DIR; };
		CBABA0BE2A12C3680004D426 /* AppDelegate.swift */ = {isa = PBXFileReference; lastKnownFileType = sourcecode.swift; path = AppDelegate.swift; sourceTree = "<group>"; };
		CBABA0C02A12C3680004D426 /* SceneDelegate.swift */ = {isa = PBXFileReference; lastKnownFileType = sourcecode.swift; path = SceneDelegate.swift; sourceTree = "<group>"; };
		CBABA0C52A12C3680004D426 /* Base */ = {isa = PBXFileReference; lastKnownFileType = file.storyboard; name = Base; path = Base.lproj/Main.storyboard; sourceTree = "<group>"; };
		CBABA0C72A12C3690004D426 /* Assets.xcassets */ = {isa = PBXFileReference; lastKnownFileType = folder.assetcatalog; path = Assets.xcassets; sourceTree = "<group>"; };
		CBABA0CA2A12C3690004D426 /* Base */ = {isa = PBXFileReference; lastKnownFileType = file.storyboard; name = Base; path = Base.lproj/LaunchScreen.storyboard; sourceTree = "<group>"; };
		CBABA0CC2A12C3690004D426 /* Info.plist */ = {isa = PBXFileReference; lastKnownFileType = text.plist.xml; path = Info.plist; sourceTree = "<group>"; };
		CBABA0D12A12C3690004D426 /* WeatherAppTests.xctest */ = {isa = PBXFileReference; explicitFileType = wrapper.cfbundle; includeInIndex = 0; path = WeatherAppTests.xctest; sourceTree = BUILT_PRODUCTS_DIR; };
		CBABA0F02A12C43B0004D426 /* Coordinator.swift */ = {isa = PBXFileReference; lastKnownFileType = sourcecode.swift; path = Coordinator.swift; sourceTree = "<group>"; };
		CBABA0F22A12C5560004D426 /* AppCoordinator.swift */ = {isa = PBXFileReference; lastKnownFileType = sourcecode.swift; path = AppCoordinator.swift; sourceTree = "<group>"; };
		CBABA0F42A12C7620004D426 /* WeatherSearchCoordinator.swift */ = {isa = PBXFileReference; lastKnownFileType = sourcecode.swift; path = WeatherSearchCoordinator.swift; sourceTree = "<group>"; };
		CBABA0F92A12C9200004D426 /* WeatherSearchView.swift */ = {isa = PBXFileReference; lastKnownFileType = sourcecode.swift; path = WeatherSearchView.swift; sourceTree = "<group>"; };
		CBABA0FC2A12CAB60004D426 /* Constants.swift */ = {isa = PBXFileReference; lastKnownFileType = sourcecode.swift; path = Constants.swift; sourceTree = "<group>"; };
		CBABA0FF2A12CC980004D426 /* HTTPClient.swift */ = {isa = PBXFileReference; lastKnownFileType = sourcecode.swift; path = HTTPClient.swift; sourceTree = "<group>"; };
		CBABA1012A12D08F0004D426 /* WeatherServices.swift */ = {isa = PBXFileReference; lastKnownFileType = sourcecode.swift; path = WeatherServices.swift; sourceTree = "<group>"; };
		CBABA1032A12D9F50004D426 /* WeatherSearchViewModel.swift */ = {isa = PBXFileReference; lastKnownFileType = sourcecode.swift; path = WeatherSearchViewModel.swift; sourceTree = "<group>"; };
		CBABA1052A12DF3E0004D426 /* SearchBarView.swift */ = {isa = PBXFileReference; lastKnownFileType = sourcecode.swift; path = SearchBarView.swift; sourceTree = "<group>"; };
		CBABA1072A12E0390004D426 /* UIColorExt.swift */ = {isa = PBXFileReference; lastKnownFileType = sourcecode.swift; path = UIColorExt.swift; sourceTree = "<group>"; };
		CBABA1092A12F3740004D426 /* Location.swift */ = {isa = PBXFileReference; lastKnownFileType = sourcecode.swift; path = Location.swift; sourceTree = "<group>"; };
		CBABA10B2A130C0F0004D426 /* Weather.swift */ = {isa = PBXFileReference; lastKnownFileType = sourcecode.swift; path = Weather.swift; sourceTree = "<group>"; };
		CBABA10D2A13F91B0004D426 /* LocationCell.swift */ = {isa = PBXFileReference; lastKnownFileType = sourcecode.swift; path = LocationCell.swift; sourceTree = "<group>"; };
		CBABA10F2A143F6F0004D426 /* WeatherView.swift */ = {isa = PBXFileReference; lastKnownFileType = sourcecode.swift; path = WeatherView.swift; sourceTree = "<group>"; };
		CBABA1112A14602D0004D426 /* WeatherCoordinator.swift */ = {isa = PBXFileReference; lastKnownFileType = sourcecode.swift; path = WeatherCoordinator.swift; sourceTree = "<group>"; };
/* End PBXFileReference section */

/* Begin PBXFrameworksBuildPhase section */
		CBABA0B82A12C3680004D426 /* Frameworks */ = {
			isa = PBXFrameworksBuildPhase;
			buildActionMask = 2147483647;
			files = (
			);
			runOnlyForDeploymentPostprocessing = 0;
		};
		CBABA0CE2A12C3690004D426 /* Frameworks */ = {
			isa = PBXFrameworksBuildPhase;
			buildActionMask = 2147483647;
			files = (
			);
			runOnlyForDeploymentPostprocessing = 0;
		};
/* End PBXFrameworksBuildPhase section */

/* Begin PBXGroup section */
		CB4F44102A1551040016E74E /* ComponentViews */ = {
			isa = PBXGroup;
			children = (
				CBABA1052A12DF3E0004D426 /* SearchBarView.swift */,
				CBABA10D2A13F91B0004D426 /* LocationCell.swift */,
				CB4F44132A15BFA00016E74E /* NoResultCell.swift */,
				CB4F44222A16F1500016E74E /* LocationButtonView.swift */,
				CB4F44282A1753CE0016E74E /* WeatherHeaderView.swift */,
				CB4F442A2A1758180016E74E /* WeatherStatsDetailCell.swift */,
				CB4F442C2A1758FE0016E74E /* WeatherStatsScrollView.swift */,
				CB4F442E2A1759D80016E74E /* HourlyForecastCell.swift */,
				CB4F44302A175AAD0016E74E /* HourlyForecastScrollView.swift */,
				CB4F44322A17644F0016E74E /* AnimatedBackgroundView.swift */,
				CB4F44242A1746AD0016E74E /* ErrorView.swift */,
				CB4F44262A17513F0016E74E /* LoadingView.swift */,
			);
			path = ComponentViews;
			sourceTree = "<group>";
		};
		CB4F44342A17FD3A0016E74E /* ComponentViewModels */ = {
			isa = PBXGroup;
			children = (
				CB4F44352A17FD5F0016E74E /* LocationCellViewModel.swift */,
			);
			path = ComponentViewModels;
			sourceTree = "<group>";
		};
		CBABA0B22A12C3680004D426 = {
			isa = PBXGroup;
			children = (
				CBABA0BD2A12C3680004D426 /* WeatherApp */,
				CBABA0D42A12C3690004D426 /* WeatherAppTests */,
				CBABA0BC2A12C3680004D426 /* Products */,
			);
			sourceTree = "<group>";
		};
		CBABA0BC2A12C3680004D426 /* Products */ = {
			isa = PBXGroup;
			children = (
				CBABA0BB2A12C3680004D426 /* WeatherApp.app */,
				CBABA0D12A12C3690004D426 /* WeatherAppTests.xctest */,
			);
			name = Products;
			sourceTree = "<group>";
		};
		CBABA0BD2A12C3680004D426 /* WeatherApp */ = {
			isa = PBXGroup;
			children = (
				CBABA0EE2A12C3E90004D426 /* ProjectDelegates */,
				CBABA0FE2A12CC830004D426 /* Networking */,
				CBABA0EF2A12C41D0004D426 /* Coordinators */,
				CBABA0F72A12C8E50004D426 /* Models */,
				CBABA0F82A12C8F00004D426 /* ViewModels */,
				CBABA0F62A12C8D50004D426 /* Views */,
				CBABA0C42A12C3680004D426 /* Main.storyboard */,
				CBABA0C72A12C3690004D426 /* Assets.xcassets */,
				CBABA0C92A12C3690004D426 /* LaunchScreen.storyboard */,
				CBABA0CC2A12C3690004D426 /* Info.plist */,
			);
			path = WeatherApp;
			sourceTree = "<group>";
		};
		CBABA0D42A12C3690004D426 /* WeatherAppTests */ = {
			isa = PBXGroup;
			children = (
				CB4F441C2A16B9B50016E74E /* MockHttpClient.swift */,
				CB4F441E2A16BE5F0016E74E /* WeatherServicesTests.swift */,
				CB4F44202A16C3A10016E74E /* WeatherSearchCoordinatorTests.swift */,
			);
			path = WeatherAppTests;
			sourceTree = "<group>";
		};
		CBABA0EE2A12C3E90004D426 /* ProjectDelegates */ = {
			isa = PBXGroup;
			children = (
				CBABA0BE2A12C3680004D426 /* AppDelegate.swift */,
				CBABA0C02A12C3680004D426 /* SceneDelegate.swift */,
			);
			path = ProjectDelegates;
			sourceTree = "<group>";
		};
		CBABA0EF2A12C41D0004D426 /* Coordinators */ = {
			isa = PBXGroup;
			children = (
				CBABA0F02A12C43B0004D426 /* Coordinator.swift */,
				CBABA0F22A12C5560004D426 /* AppCoordinator.swift */,
				CBABA0F42A12C7620004D426 /* WeatherSearchCoordinator.swift */,
				CBABA1112A14602D0004D426 /* WeatherCoordinator.swift */,
			);
			path = Coordinators;
			sourceTree = "<group>";
		};
		CBABA0F62A12C8D50004D426 /* Views */ = {
			isa = PBXGroup;
			children = (
				CBABA0F92A12C9200004D426 /* WeatherSearchView.swift */,
				CBABA10F2A143F6F0004D426 /* WeatherView.swift */,
				CB4F44102A1551040016E74E /* ComponentViews */,
				CBABA0FB2A12CA900004D426 /* Misc */,
			);
			path = Views;
			sourceTree = "<group>";
		};
		CBABA0F72A12C8E50004D426 /* Models */ = {
			isa = PBXGroup;
			children = (
				CBABA1092A12F3740004D426 /* Location.swift */,
				CBABA10B2A130C0F0004D426 /* Weather.swift */,
			);
			path = Models;
			sourceTree = "<group>";
		};
		CBABA0F82A12C8F00004D426 /* ViewModels */ = {
			isa = PBXGroup;
			children = (
				CBABA1032A12D9F50004D426 /* WeatherSearchViewModel.swift */,
				CB4F44112A15BAFB0016E74E /* WeatherViewModel.swift */,
				CB4F44342A17FD3A0016E74E /* ComponentViewModels */,
			);
			path = ViewModels;
			sourceTree = "<group>";
		};
		CBABA0FB2A12CA900004D426 /* Misc */ = {
			isa = PBXGroup;
			children = (
				CBABA0FC2A12CAB60004D426 /* Constants.swift */,
				CB4F440A2A154C100016E74E /* CachedImageView.swift */,
				CB4F440C2A154C330016E74E /* CacheAsyncImageManager.swift */,
				CB4F440E2A154C740016E74E /* ImageCache.swift */,
				CBABA1072A12E0390004D426 /* UIColorExt.swift */,
				CB4F44162A16158C0016E74E /* LocationManager.swift */,
				CB4F441A2A16B8C30016E74E /* UserDefaults+LocationCache.swift */,
			);
			path = Misc;
			sourceTree = "<group>";
		};
		CBABA0FE2A12CC830004D426 /* Networking */ = {
			isa = PBXGroup;
			children = (
				CBABA0FF2A12CC980004D426 /* HTTPClient.swift */,
				CBABA1012A12D08F0004D426 /* WeatherServices.swift */,
				CB4F44182A16B4D50016E74E /* APIKeys.swift */,
			);
			path = Networking;
			sourceTree = "<group>";
		};
/* End PBXGroup section */

/* Begin PBXNativeTarget section */
		CBABA0BA2A12C3680004D426 /* WeatherApp */ = {
			isa = PBXNativeTarget;
			buildConfigurationList = CBABA0E52A12C3690004D426 /* Build configuration list for PBXNativeTarget "WeatherApp" */;
			buildPhases = (
				CBABA0B72A12C3680004D426 /* Sources */,
				CBABA0B82A12C3680004D426 /* Frameworks */,
				CBABA0B92A12C3680004D426 /* Resources */,
			);
			buildRules = (
			);
			dependencies = (
			);
			name = WeatherApp;
			productName = WeatherApp;
			productReference = CBABA0BB2A12C3680004D426 /* WeatherApp.app */;
			productType = "com.apple.product-type.application";
		};
		CBABA0D02A12C3690004D426 /* WeatherAppTests */ = {
			isa = PBXNativeTarget;
			buildConfigurationList = CBABA0E82A12C3690004D426 /* Build configuration list for PBXNativeTarget "WeatherAppTests" */;
			buildPhases = (
				CBABA0CD2A12C3690004D426 /* Sources */,
				CBABA0CE2A12C3690004D426 /* Frameworks */,
				CBABA0CF2A12C3690004D426 /* Resources */,
			);
			buildRules = (
			);
			dependencies = (
				CBABA0D32A12C3690004D426 /* PBXTargetDependency */,
			);
			name = WeatherAppTests;
			productName = WeatherAppTests;
			productReference = CBABA0D12A12C3690004D426 /* WeatherAppTests.xctest */;
			productType = "com.apple.product-type.bundle.unit-test";
		};
/* End PBXNativeTarget section */

/* Begin PBXProject section */
		CBABA0B32A12C3680004D426 /* Project object */ = {
			isa = PBXProject;
			attributes = {
				BuildIndependentTargetsInParallel = 1;
				LastSwiftUpdateCheck = 1430;
				LastUpgradeCheck = 1430;
				TargetAttributes = {
					CBABA0BA2A12C3680004D426 = {
						CreatedOnToolsVersion = 14.3;
					};
					CBABA0D02A12C3690004D426 = {
						CreatedOnToolsVersion = 14.3;
						TestTargetID = CBABA0BA2A12C3680004D426;
					};
				};
			};
			buildConfigurationList = CBABA0B62A12C3680004D426 /* Build configuration list for PBXProject "WeatherApp" */;
			compatibilityVersion = "Xcode 14.0";
			developmentRegion = en;
			hasScannedForEncodings = 0;
			knownRegions = (
				en,
				Base,
			);
			mainGroup = CBABA0B22A12C3680004D426;
			productRefGroup = CBABA0BC2A12C3680004D426 /* Products */;
			projectDirPath = "";
			projectRoot = "";
			targets = (
				CBABA0BA2A12C3680004D426 /* WeatherApp */,
				CBABA0D02A12C3690004D426 /* WeatherAppTests */,
			);
		};
/* End PBXProject section */

/* Begin PBXResourcesBuildPhase section */
		CBABA0B92A12C3680004D426 /* Resources */ = {
			isa = PBXResourcesBuildPhase;
			buildActionMask = 2147483647;
			files = (
				CBABA0CB2A12C3690004D426 /* LaunchScreen.storyboard in Resources */,
				CBABA0C82A12C3690004D426 /* Assets.xcassets in Resources */,
				CBABA0C62A12C3680004D426 /* Main.storyboard in Resources */,
			);
			runOnlyForDeploymentPostprocessing = 0;
		};
		CBABA0CF2A12C3690004D426 /* Resources */ = {
			isa = PBXResourcesBuildPhase;
			buildActionMask = 2147483647;
			files = (
			);
			runOnlyForDeploymentPostprocessing = 0;
		};
/* End PBXResourcesBuildPhase section */

/* Begin PBXSourcesBuildPhase section */
		CBABA0B72A12C3680004D426 /* Sources */ = {
			isa = PBXSourcesBuildPhase;
			buildActionMask = 2147483647;
			files = (
				CBABA10E2A13F91B0004D426 /* LocationCell.swift in Sources */,
				CBABA0F52A12C7620004D426 /* WeatherSearchCoordinator.swift in Sources */,
				CBABA0F12A12C43B0004D426 /* Coordinator.swift in Sources */,
				CB4F441B2A16B8C30016E74E /* UserDefaults+LocationCache.swift in Sources */,
				CB4F44272A17513F0016E74E /* LoadingView.swift in Sources */,
				CBABA10C2A130C0F0004D426 /* Weather.swift in Sources */,
				CB4F44232A16F1500016E74E /* LocationButtonView.swift in Sources */,
				CB4F44252A1746AD0016E74E /* ErrorView.swift in Sources */,
				CBABA1042A12D9F50004D426 /* WeatherSearchViewModel.swift in Sources */,
				CB4F44192A16B4D50016E74E /* APIKeys.swift in Sources */,
				CB4F44372A181FA70016E74E /* SearchBarView.swift in Sources */,
				CBABA0F32A12C5560004D426 /* AppCoordinator.swift in Sources */,
				CB4F44172A16158C0016E74E /* LocationManager.swift in Sources */,
				CB4F442D2A1758FE0016E74E /* WeatherStatsScrollView.swift in Sources */,
				CB4F44142A15BFA00016E74E /* NoResultCell.swift in Sources */,
				CBABA10A2A12F3740004D426 /* Location.swift in Sources */,
				CBABA0BF2A12C3680004D426 /* AppDelegate.swift in Sources */,
				CBABA1002A12CC980004D426 /* HTTPClient.swift in Sources */,
				CB4F44122A15BAFB0016E74E /* WeatherViewModel.swift in Sources */,
				CB4F440F2A154C740016E74E /* ImageCache.swift in Sources */,
				CBABA1102A143F6F0004D426 /* WeatherView.swift in Sources */,
				CBABA1022A12D08F0004D426 /* WeatherServices.swift in Sources */,
				CB4F440D2A154C330016E74E /* CacheAsyncImageManager.swift in Sources */,
				CBABA0C12A12C3680004D426 /* SceneDelegate.swift in Sources */,
				CB4F44312A175AAD0016E74E /* HourlyForecastScrollView.swift in Sources */,
				CB4F44292A1753CE0016E74E /* WeatherHeaderView.swift in Sources */,
				CBABA0FA2A12C9200004D426 /* WeatherSearchView.swift in Sources */,
				CB4F44332A17644F0016E74E /* AnimatedBackgroundView.swift in Sources */,
				CB4F442B2A1758180016E74E /* WeatherStatsDetailCell.swift in Sources */,
				CBABA1122A14602D0004D426 /* WeatherCoordinator.swift in Sources */,
				CBABA0FD2A12CAB60004D426 /* Constants.swift in Sources */,
				CB4F440B2A154C100016E74E /* CachedImageView.swift in Sources */,
				CBABA1082A12E0390004D426 /* UIColorExt.swift in Sources */,
				CB4F442F2A1759D80016E74E /* HourlyForecastCell.swift in Sources */,
				CB4F44362A17FD5F0016E74E /* LocationCellViewModel.swift in Sources */,
			);
			runOnlyForDeploymentPostprocessing = 0;
		};
		CBABA0CD2A12C3690004D426 /* Sources */ = {
			isa = PBXSourcesBuildPhase;
			buildActionMask = 2147483647;
			files = (
				CB4F441D2A16B9B50016E74E /* MockHttpClient.swift in Sources */,
				CB4F44212A16C3A10016E74E /* WeatherSearchCoordinatorTests.swift in Sources */,
				CB4F441F2A16BE5F0016E74E /* WeatherServicesTests.swift in Sources */,
			);
			runOnlyForDeploymentPostprocessing = 0;
		};
/* End PBXSourcesBuildPhase section */

/* Begin PBXTargetDependency section */
		CBABA0D32A12C3690004D426 /* PBXTargetDependency */ = {
			isa = PBXTargetDependency;
			target = CBABA0BA2A12C3680004D426 /* WeatherApp */;
			targetProxy = CBABA0D22A12C3690004D426 /* PBXContainerItemProxy */;
		};
/* End PBXTargetDependency section */

/* Begin PBXVariantGroup section */
		CBABA0C42A12C3680004D426 /* Main.storyboard */ = {
			isa = PBXVariantGroup;
			children = (
				CBABA0C52A12C3680004D426 /* Base */,
			);
			name = Main.storyboard;
			sourceTree = "<group>";
		};
		CBABA0C92A12C3690004D426 /* LaunchScreen.storyboard */ = {
			isa = PBXVariantGroup;
			children = (
				CBABA0CA2A12C3690004D426 /* Base */,
			);
			name = LaunchScreen.storyboard;
			sourceTree = "<group>";
		};
/* End PBXVariantGroup section */

/* Begin XCBuildConfiguration section */
		CBABA0E32A12C3690004D426 /* Debug */ = {
			isa = XCBuildConfiguration;
			buildSettings = {
				ALWAYS_SEARCH_USER_PATHS = NO;
				CLANG_ANALYZER_NONNULL = YES;
				CLANG_ANALYZER_NUMBER_OBJECT_CONVERSION = YES_AGGRESSIVE;
				CLANG_CXX_LANGUAGE_STANDARD = "gnu++20";
				CLANG_ENABLE_MODULES = YES;
				CLANG_ENABLE_OBJC_ARC = YES;
				CLANG_ENABLE_OBJC_WEAK = YES;
				CLANG_WARN_BLOCK_CAPTURE_AUTORELEASING = YES;
				CLANG_WARN_BOOL_CONVERSION = YES;
				CLANG_WARN_COMMA = YES;
				CLANG_WARN_CONSTANT_CONVERSION = YES;
				CLANG_WARN_DEPRECATED_OBJC_IMPLEMENTATIONS = YES;
				CLANG_WARN_DIRECT_OBJC_ISA_USAGE = YES_ERROR;
				CLANG_WARN_DOCUMENTATION_COMMENTS = YES;
				CLANG_WARN_EMPTY_BODY = YES;
				CLANG_WARN_ENUM_CONVERSION = YES;
				CLANG_WARN_INFINITE_RECURSION = YES;
				CLANG_WARN_INT_CONVERSION = YES;
				CLANG_WARN_NON_LITERAL_NULL_CONVERSION = YES;
				CLANG_WARN_OBJC_IMPLICIT_RETAIN_SELF = YES;
				CLANG_WARN_OBJC_LITERAL_CONVERSION = YES;
				CLANG_WARN_OBJC_ROOT_CLASS = YES_ERROR;
				CLANG_WARN_QUOTED_INCLUDE_IN_FRAMEWORK_HEADER = YES;
				CLANG_WARN_RANGE_LOOP_ANALYSIS = YES;
				CLANG_WARN_STRICT_PROTOTYPES = YES;
				CLANG_WARN_SUSPICIOUS_MOVE = YES;
				CLANG_WARN_UNGUARDED_AVAILABILITY = YES_AGGRESSIVE;
				CLANG_WARN_UNREACHABLE_CODE = YES;
				CLANG_WARN__DUPLICATE_METHOD_MATCH = YES;
				COPY_PHASE_STRIP = NO;
				DEBUG_INFORMATION_FORMAT = dwarf;
				ENABLE_STRICT_OBJC_MSGSEND = YES;
				ENABLE_TESTABILITY = YES;
				GCC_C_LANGUAGE_STANDARD = gnu11;
				GCC_DYNAMIC_NO_PIC = NO;
				GCC_NO_COMMON_BLOCKS = YES;
				GCC_OPTIMIZATION_LEVEL = 0;
				GCC_PREPROCESSOR_DEFINITIONS = (
					"DEBUG=1",
					"$(inherited)",
				);
				GCC_WARN_64_TO_32_BIT_CONVERSION = YES;
				GCC_WARN_ABOUT_RETURN_TYPE = YES_ERROR;
				GCC_WARN_UNDECLARED_SELECTOR = YES;
				GCC_WARN_UNINITIALIZED_AUTOS = YES_AGGRESSIVE;
				GCC_WARN_UNUSED_FUNCTION = YES;
				GCC_WARN_UNUSED_VARIABLE = YES;
				IPHONEOS_DEPLOYMENT_TARGET = 16.4;
				MTL_ENABLE_DEBUG_INFO = INCLUDE_SOURCE;
				MTL_FAST_MATH = YES;
				ONLY_ACTIVE_ARCH = YES;
				SDKROOT = iphoneos;
				SWIFT_ACTIVE_COMPILATION_CONDITIONS = DEBUG;
				SWIFT_OPTIMIZATION_LEVEL = "-Onone";
			};
			name = Debug;
		};
		CBABA0E42A12C3690004D426 /* Release */ = {
			isa = XCBuildConfiguration;
			buildSettings = {
				ALWAYS_SEARCH_USER_PATHS = NO;
				CLANG_ANALYZER_NONNULL = YES;
				CLANG_ANALYZER_NUMBER_OBJECT_CONVERSION = YES_AGGRESSIVE;
				CLANG_CXX_LANGUAGE_STANDARD = "gnu++20";
				CLANG_ENABLE_MODULES = YES;
				CLANG_ENABLE_OBJC_ARC = YES;
				CLANG_ENABLE_OBJC_WEAK = YES;
				CLANG_WARN_BLOCK_CAPTURE_AUTORELEASING = YES;
				CLANG_WARN_BOOL_CONVERSION = YES;
				CLANG_WARN_COMMA = YES;
				CLANG_WARN_CONSTANT_CONVERSION = YES;
				CLANG_WARN_DEPRECATED_OBJC_IMPLEMENTATIONS = YES;
				CLANG_WARN_DIRECT_OBJC_ISA_USAGE = YES_ERROR;
				CLANG_WARN_DOCUMENTATION_COMMENTS = YES;
				CLANG_WARN_EMPTY_BODY = YES;
				CLANG_WARN_ENUM_CONVERSION = YES;
				CLANG_WARN_INFINITE_RECURSION = YES;
				CLANG_WARN_INT_CONVERSION = YES;
				CLANG_WARN_NON_LITERAL_NULL_CONVERSION = YES;
				CLANG_WARN_OBJC_IMPLICIT_RETAIN_SELF = YES;
				CLANG_WARN_OBJC_LITERAL_CONVERSION = YES;
				CLANG_WARN_OBJC_ROOT_CLASS = YES_ERROR;
				CLANG_WARN_QUOTED_INCLUDE_IN_FRAMEWORK_HEADER = YES;
				CLANG_WARN_RANGE_LOOP_ANALYSIS = YES;
				CLANG_WARN_STRICT_PROTOTYPES = YES;
				CLANG_WARN_SUSPICIOUS_MOVE = YES;
				CLANG_WARN_UNGUARDED_AVAILABILITY = YES_AGGRESSIVE;
				CLANG_WARN_UNREACHABLE_CODE = YES;
				CLANG_WARN__DUPLICATE_METHOD_MATCH = YES;
				COPY_PHASE_STRIP = NO;
				DEBUG_INFORMATION_FORMAT = "dwarf-with-dsym";
				ENABLE_NS_ASSERTIONS = NO;
				ENABLE_STRICT_OBJC_MSGSEND = YES;
				GCC_C_LANGUAGE_STANDARD = gnu11;
				GCC_NO_COMMON_BLOCKS = YES;
				GCC_WARN_64_TO_32_BIT_CONVERSION = YES;
				GCC_WARN_ABOUT_RETURN_TYPE = YES_ERROR;
				GCC_WARN_UNDECLARED_SELECTOR = YES;
				GCC_WARN_UNINITIALIZED_AUTOS = YES_AGGRESSIVE;
				GCC_WARN_UNUSED_FUNCTION = YES;
				GCC_WARN_UNUSED_VARIABLE = YES;
				IPHONEOS_DEPLOYMENT_TARGET = 16.4;
				MTL_ENABLE_DEBUG_INFO = NO;
				MTL_FAST_MATH = YES;
				SDKROOT = iphoneos;
				SWIFT_COMPILATION_MODE = wholemodule;
				SWIFT_OPTIMIZATION_LEVEL = "-O";
				VALIDATE_PRODUCT = YES;
			};
			name = Release;
		};
		CBABA0E62A12C3690004D426 /* Debug */ = {
			isa = XCBuildConfiguration;
			buildSettings = {
				ASSETCATALOG_COMPILER_APPICON_NAME = AppIcon;
				ASSETCATALOG_COMPILER_GLOBAL_ACCENT_COLOR_NAME = AccentColor;
				CODE_SIGN_STYLE = Automatic;
				CURRENT_PROJECT_VERSION = 1;
				DEVELOPMENT_TEAM = 276W2482XH;
				GENERATE_INFOPLIST_FILE = YES;
				INFOPLIST_FILE = WeatherApp/Info.plist;
				INFOPLIST_KEY_NSLocationAlwaysAndWhenInUseUsageDescription = "Hey! Can we use your locaiton to show your local weather?";
				INFOPLIST_KEY_NSLocationWhenInUseUsageDescription = "Hey! Can we use your locaiton to show your local weather?";
				INFOPLIST_KEY_UIApplicationSupportsIndirectInputEvents = YES;
				INFOPLIST_KEY_UILaunchStoryboardName = LaunchScreen;
				INFOPLIST_KEY_UIMainStoryboardFile = Main;
				INFOPLIST_KEY_UISupportedInterfaceOrientations = UIInterfaceOrientationPortrait;
				INFOPLIST_KEY_UISupportedInterfaceOrientations_iPad = "UIInterfaceOrientationLandscapeLeft UIInterfaceOrientationLandscapeRight UIInterfaceOrientationPortrait UIInterfaceOrientationPortraitUpsideDown";
				LD_RUNPATH_SEARCH_PATHS = (
					"$(inherited)",
					"@executable_path/Frameworks",
				);
				MARKETING_VERSION = 1.0;
				PRODUCT_BUNDLE_IDENTIFIER = SmallProject.WeatherApp;
				PRODUCT_NAME = "$(TARGET_NAME)";
				SUPPORTED_PLATFORMS = "iphoneos iphonesimulator";
				SUPPORTS_MACCATALYST = NO;
				SUPPORTS_MAC_DESIGNED_FOR_IPHONE_IPAD = NO;
				SWIFT_EMIT_LOC_STRINGS = YES;
				SWIFT_VERSION = 5.0;
				TARGETED_DEVICE_FAMILY = 1;
			};
			name = Debug;
		};
		CBABA0E72A12C3690004D426 /* Release */ = {
			isa = XCBuildConfiguration;
			buildSettings = {
				ASSETCATALOG_COMPILER_APPICON_NAME = AppIcon;
				ASSETCATALOG_COMPILER_GLOBAL_ACCENT_COLOR_NAME = AccentColor;
				CODE_SIGN_STYLE = Automatic;
				CURRENT_PROJECT_VERSION = 1;
				DEVELOPMENT_TEAM = 276W2482XH;
				GENERATE_INFOPLIST_FILE = YES;
				INFOPLIST_FILE = WeatherApp/Info.plist;
				INFOPLIST_KEY_NSLocationAlwaysAndWhenInUseUsageDescription = "Hey! Can we use your locaiton to show your local weather?";
				INFOPLIST_KEY_NSLocationWhenInUseUsageDescription = "Hey! Can we use your locaiton to show your local weather?";
				INFOPLIST_KEY_UIApplicationSupportsIndirectInputEvents = YES;
				INFOPLIST_KEY_UILaunchStoryboardName = LaunchScreen;
				INFOPLIST_KEY_UIMainStoryboardFile = Main;
				INFOPLIST_KEY_UISupportedInterfaceOrientations = UIInterfaceOrientationPortrait;
				INFOPLIST_KEY_UISupportedInterfaceOrientations_iPad = "UIInterfaceOrientationLandscapeLeft UIInterfaceOrientationLandscapeRight UIInterfaceOrientationPortrait UIInterfaceOrientationPortraitUpsideDown";
				LD_RUNPATH_SEARCH_PATHS = (
					"$(inherited)",
					"@executable_path/Frameworks",
				);
				MARKETING_VERSION = 1.0;
				PRODUCT_BUNDLE_IDENTIFIER = SmallProject.WeatherApp;
				PRODUCT_NAME = "$(TARGET_NAME)";
				SUPPORTED_PLATFORMS = "iphoneos iphonesimulator";
				SUPPORTS_MACCATALYST = NO;
				SUPPORTS_MAC_DESIGNED_FOR_IPHONE_IPAD = NO;
				SWIFT_EMIT_LOC_STRINGS = YES;
				SWIFT_VERSION = 5.0;
				TARGETED_DEVICE_FAMILY = 1;
			};
			name = Release;
		};
		CBABA0E92A12C3690004D426 /* Debug */ = {
			isa = XCBuildConfiguration;
			buildSettings = {
				ALWAYS_EMBED_SWIFT_STANDARD_LIBRARIES = YES;
				BUNDLE_LOADER = "$(TEST_HOST)";
				CODE_SIGN_STYLE = Automatic;
				CURRENT_PROJECT_VERSION = 1;
				DEVELOPMENT_TEAM = 276W2482XH;
				GENERATE_INFOPLIST_FILE = YES;
				IPHONEOS_DEPLOYMENT_TARGET = 16.4;
				MARKETING_VERSION = 1.0;
				PRODUCT_BUNDLE_IDENTIFIER = SmallProject.WeatherAppTests;
				PRODUCT_NAME = "$(TARGET_NAME)";
				SWIFT_EMIT_LOC_STRINGS = NO;
				SWIFT_VERSION = 5.0;
				TARGETED_DEVICE_FAMILY = "1,2";
				TEST_HOST = "$(BUILT_PRODUCTS_DIR)/WeatherApp.app/$(BUNDLE_EXECUTABLE_FOLDER_PATH)/WeatherApp";
			};
			name = Debug;
		};
		CBABA0EA2A12C3690004D426 /* Release */ = {
			isa = XCBuildConfiguration;
			buildSettings = {
				ALWAYS_EMBED_SWIFT_STANDARD_LIBRARIES = YES;
				BUNDLE_LOADER = "$(TEST_HOST)";
				CODE_SIGN_STYLE = Automatic;
				CURRENT_PROJECT_VERSION = 1;
				DEVELOPMENT_TEAM = 276W2482XH;
				GENERATE_INFOPLIST_FILE = YES;
				IPHONEOS_DEPLOYMENT_TARGET = 16.4;
				MARKETING_VERSION = 1.0;
				PRODUCT_BUNDLE_IDENTIFIER = SmallProject.WeatherAppTests;
				PRODUCT_NAME = "$(TARGET_NAME)";
				SWIFT_EMIT_LOC_STRINGS = NO;
				SWIFT_VERSION = 5.0;
				TARGETED_DEVICE_FAMILY = "1,2";
				TEST_HOST = "$(BUILT_PRODUCTS_DIR)/WeatherApp.app/$(BUNDLE_EXECUTABLE_FOLDER_PATH)/WeatherApp";
			};
			name = Release;
		};
/* End XCBuildConfiguration section */

/* Begin XCConfigurationList section */
		CBABA0B62A12C3680004D426 /* Build configuration list for PBXProject "WeatherApp" */ = {
			isa = XCConfigurationList;
			buildConfigurations = (
				CBABA0E32A12C3690004D426 /* Debug */,
				CBABA0E42A12C3690004D426 /* Release */,
			);
			defaultConfigurationIsVisible = 0;
			defaultConfigurationName = Release;
		};
		CBABA0E52A12C3690004D426 /* Build configuration list for PBXNativeTarget "WeatherApp" */ = {
			isa = XCConfigurationList;
			buildConfigurations = (
				CBABA0E62A12C3690004D426 /* Debug */,
				CBABA0E72A12C3690004D426 /* Release */,
			);
			defaultConfigurationIsVisible = 0;
			defaultConfigurationName = Release;
		};
		CBABA0E82A12C3690004D426 /* Build configuration list for PBXNativeTarget "WeatherAppTests" */ = {
			isa = XCConfigurationList;
			buildConfigurations = (
				CBABA0E92A12C3690004D426 /* Debug */,
				CBABA0EA2A12C3690004D426 /* Release */,
			);
			defaultConfigurationIsVisible = 0;
			defaultConfigurationName = Release;
		};
/* End XCConfigurationList section */
	};
	rootObject = CBABA0B32A12C3680004D426 /* Project object */;
}
